
Microsoft Visual Studio Solution File, Format Version 12.00
# Visual Studio 14
VisualStudioVersion = 14.0.25420.1
MinimumVisualStudioVersion = 10.0.40219.1
Project("{FAE04EC0-301F-11D3-BF4B-00C04F79EFBC}") = "WordPress.Tests", "WordPress.Tests\WordPress.Tests.csproj", "{B2E763E9-3135-4489-B892-2D118010B5D7}"
EndProject
Project("{FAE04EC0-301F-11D3-BF4B-00C04F79EFBC}") = "WordPress.Framework", "WordPress.Framework\WordPress.Framework.csproj", "{F46CA71F-AACF-4C69-9FB5-B2A976E249CF}"
EndProject
Project("{FAE04EC0-301F-11D3-BF4B-00C04F79EFBC}") = "WordPress.Utilities", "WordPress.Utilities\WordPress.Utilities.csproj", "{3F76FF4F-EF4F-4024-AFBC-1D80975EB6BB}"
EndProject
Project("{FAE04EC0-301F-11D3-BF4B-00C04F79EFBC}") = "WordPress.RestClient", "WordPress.RestClient\WordPress.RestClient.csproj", "{AE17C4E2-BD3D-4FA9-83AC-8885DCB2246B}"
EndProject
Project("{FAE04EC0-301F-11D3-BF4B-00C04F79EFBC}") = "WordPress.Logger", "WordPressLogger\WordPress.Logger.csproj", "{7237523D-7429-4938-809B-E1F2365E729F}"
EndProject
Global
	GlobalSection(SolutionConfigurationPlatforms) = preSolution
		Debug|Any CPU = Debug|Any CPU
		Release|Any CPU = Release|Any CPU
	EndGlobalSection
	GlobalSection(ProjectConfigurationPlatforms) = postSolution
		{B2E763E9-3135-4489-B892-2D118010B5D7}.Debug|Any CPU.ActiveCfg = Debug|Any CPU
		{B2E763E9-3135-4489-B892-2D118010B5D7}.Debug|Any CPU.Build.0 = Debug|Any CPU
		{B2E763E9-3135-4489-B892-2D118010B5D7}.Release|Any CPU.ActiveCfg = Release|Any CPU
		{B2E763E9-3135-4489-B892-2D118010B5D7}.Release|Any CPU.Build.0 = Release|Any CPU
		{F46CA71F-AACF-4C69-9FB5-B2A976E249CF}.Debug|Any CPU.ActiveCfg = Debug|Any CPU
		{F46CA71F-AACF-4C69-9FB5-B2A976E249CF}.Debug|Any CPU.Build.0 = Debug|Any CPU
		{F46CA71F-AACF-4C69-9FB5-B2A976E249CF}.Release|Any CPU.ActiveCfg = Release|Any CPU
		{F46CA71F-AACF-4C69-9FB5-B2A976E249CF}.Release|Any CPU.Build.0 = Release|Any CPU
		{3F76FF4F-EF4F-4024-AFBC-1D80975EB6BB}.Debug|Any CPU.ActiveCfg = Debug|Any CPU
		{3F76FF4F-EF4F-4024-AFBC-1D80975EB6BB}.Debug|Any CPU.Build.0 = Debug|Any CPU
		{3F76FF4F-EF4F-4024-AFBC-1D80975EB6BB}.Release|Any CPU.ActiveCfg = Release|Any CPU
		{3F76FF4F-EF4F-4024-AFBC-1D80975EB6BB}.Release|Any CPU.Build.0 = Release|Any CPU
		{AE17C4E2-BD3D-4FA9-83AC-8885DCB2246B}.Debug|Any CPU.ActiveCfg = Debug|Any CPU
		{AE17C4E2-BD3D-4FA9-83AC-8885DCB2246B}.Debug|Any CPU.Build.0 = Debug|Any CPU
		{AE17C4E2-BD3D-4FA9-83AC-8885DCB2246B}.Release|Any CPU.ActiveCfg = Release|Any CPU
		{AE17C4E2-BD3D-4FA9-83AC-8885DCB2246B}.Release|Any CPU.Build.0 = Release|Any CPU
		{7237523D-7429-4938-809B-E1F2365E729F}.Debug|Any CPU.ActiveCfg = Debug|Any CPU
		{7237523D-7429-4938-809B-E1F2365E729F}.Debug|Any CPU.Build.0 = Debug|Any CPU
		{7237523D-7429-4938-809B-E1F2365E729F}.Release|Any CPU.ActiveCfg = Release|Any CPU
		{7237523D-7429-4938-809B-E1F2365E729F}.Release|Any CPU.Build.0 = Release|Any CPU
	EndGlobalSection
	GlobalSection(SolutionProperties) = preSolution
		HideSolutionNode = FALSE
	EndGlobalSection
EndGlobal
